{
  "nodes": {
    "homeManager": {
      "inputs": {
        "nixpkgs": [
          "nixpkgs"
        ],
        "utils": "utils"
      },
      "locked": {
        "lastModified": 1677621055,
        "narHash": "sha256-n3D/pZX0cYEpWKcLJSFImo5Dpk3D1RrxKVDmI6lnaIg=",
        "owner": "nix-community",
        "repo": "home-manager",
        "rev": "ef7d316578367ed7732a21eede6c79546a36124f",
        "type": "github"
      },
      "original": {
        "owner": "nix-community",
        "repo": "home-manager",
        "type": "github"
      }
    },
    "nixpkgs": {
      "locked": {
        "lastModified": 1677560409,
        "narHash": "sha256-PIvUIsVNozPXe1FmNe9c6B8Febl3t9+51uBKMJ1Q8o0=",
        "owner": "NixOS",
        "repo": "nixpkgs",
        "rev": "9e56d6ec92c8fb4192f1392aa5c4101ad77f2070",
        "type": "github"
      },
      "original": {
        "owner": "NixOS",
        "ref": "nixpkgs-unstable",
        "repo": "nixpkgs",
        "type": "github"
      }
    },
    "root": {
      "inputs": {
        "homeManager": "homeManager",
        "nixpkgs": "nixpkgs",
        "rravalNixPrivate": "rravalNixPrivate"
      }
    },
    "rravalNixPrivate": {
      "inputs": {
        "nixpkgs": [
          "nixpkgs"
        ]
      },
      "locked": {
        "lastModified": 1668404411,
        "narHash": "sha256-aPIUJWrZRQqTtJpvw8EJSII917Q9c2Rv17IgLh8/Y/E=",
        "owner": "rraval",
        "repo": "nix-private",
        "rev": "ee94cc3e4a5d81a5b3396f3d99a575f8d6f6a8a5",
        "type": "github"
      },
      "original": {
        "owner": "rraval",
        "repo": "nix-private",
        "type": "github"
      }
    },
    "utils": {
      "locked": {
        "lastModified": 1667395993,
        "narHash": "sha256-nuEHfE/LcWyuSWnS8t12N1wc105Qtau+/OdUAjtQ0rA=",
        "owner": "numtide",
        "repo": "flake-utils",
        "rev": "5aed5285a952e0b949eb3ba02c12fa4fcfef535f",
        "type": "github"
      },
      "original": {
        "owner": "numtide",
        "repo": "flake-utils",
        "type": "github"
      }
    }
  },
  "root": "root",
  "version": 7
}
