{
  "nodes": {
    "homeManager": {
      "inputs": {
        "nixpkgs": [
          "nixpkgs"
        ],
        "utils": "utils"
      },
      "locked": {
        "lastModified": 1665655007,
        "narHash": "sha256-34ZMJlgqJb73RY/gJz8B4cjdM5ukas2crMYQpmyRGeQ=",
        "owner": "nix-community",
        "repo": "home-manager",
        "rev": "8cbc6500dfca22d907054f68c564019b3b6cf295",
        "type": "github"
      },
      "original": {
        "owner": "nix-community",
        "repo": "home-manager",
        "type": "github"
      }
    },
    "nixpkgs": {
      "locked": {
        "lastModified": 1665723124,
        "narHash": "sha256-J1JY2cN0L+CNDSrGkNdbiTl2EFV8hpqqsDJFICsYSBw=",
        "owner": "NixOS",
        "repo": "nixpkgs",
        "rev": "31d567846255e122846548255101980162bbf641",
        "type": "github"
      },
      "original": {
        "owner": "NixOS",
        "ref": "nixpkgs-unstable",
        "repo": "nixpkgs",
        "type": "github"
      }
    },
    "root": {
      "inputs": {
        "homeManager": "homeManager",
        "nixpkgs": "nixpkgs",
        "rravalNixPrivate": "rravalNixPrivate"
      }
    },
    "rravalNixPrivate": {
      "inputs": {
        "nixpkgs": [
          "nixpkgs"
        ]
      },
      "locked": {
        "lastModified": 1668404411,
        "narHash": "sha256-aPIUJWrZRQqTtJpvw8EJSII917Q9c2Rv17IgLh8/Y/E=",
        "owner": "rraval",
        "repo": "nix-private",
        "rev": "ee94cc3e4a5d81a5b3396f3d99a575f8d6f6a8a5",
        "type": "github"
      },
      "original": {
        "owner": "rraval",
        "repo": "nix-private",
        "type": "github"
      }
    },
    "utils": {
      "locked": {
        "lastModified": 1659877975,
        "narHash": "sha256-zllb8aq3YO3h8B/U0/J1WBgAL8EX5yWf5pMj3G0NAmc=",
        "owner": "numtide",
        "repo": "flake-utils",
        "rev": "c0e246b9b83f637f4681389ecabcb2681b4f3af0",
        "type": "github"
      },
      "original": {
        "owner": "numtide",
        "repo": "flake-utils",
        "type": "github"
      }
    }
  },
  "root": "root",
  "version": 7
}
